# This file is automatically @generated by Cargo.
# It is not intended for manual editing.
version = 4

[[package]]
name = "zebrafish-core"
version = "0.0.0"

[[package]]
name = "zebrafish-dashboard"
version = "0.0.0"
dependencies = [
 "zebrafish-core",
]

[[package]]
name = "zebrafish-server"
version = "0.0.0"
dependencies = [
 "zebrafish-core",
 "zebrafish-dashboard",
]

[[package]]
name = "zebrafish-test-support"
version = "0.0.0"
dependencies = [
 "zebrafish-core",
]
